// !$*UTF8*$!
{
	archiveVersion = 1;
	classes = {
	};
	objectVersion = 46;
	objects = {

/* Begin PBXBuildFile section */
		C206089A1BEF1A6F00320EBA /* AppDelegate.swift in Sources */ = {isa = PBXBuildFile; fileRef = C20608991BEF1A6F00320EBA /* AppDelegate.swift */; };
		C206089C1BEF1A6F00320EBA /* ViewController.swift in Sources */ = {isa = PBXBuildFile; fileRef = C206089B1BEF1A6F00320EBA /* ViewController.swift */; };
		C206089F1BEF1A6F00320EBA /* Main.storyboard in Resources */ = {isa = PBXBuildFile; fileRef = C206089D1BEF1A6F00320EBA /* Main.storyboard */; };
		C20608A11BEF1A6F00320EBA /* Assets.xcassets in Resources */ = {isa = PBXBuildFile; fileRef = C20608A01BEF1A6F00320EBA /* Assets.xcassets */; };
		C20608A41BEF1A6F00320EBA /* LaunchScreen.storyboard in Resources */ = {isa = PBXBuildFile; fileRef = C20608A21BEF1A6F00320EBA /* LaunchScreen.storyboard */; };
		C20608AF1BEF1A7000320EBA /* AgentappTests.swift in Sources */ = {isa = PBXBuildFile; fileRef = C20608AE1BEF1A7000320EBA /* AgentappTests.swift */; };
		C20608BA1BEF1A7000320EBA /* AgentappUITests.swift in Sources */ = {isa = PBXBuildFile; fileRef = C20608B91BEF1A7000320EBA /* AgentappUITests.swift */; };
		C20608CD1BEF1A8100320EBA /* Interface.storyboard in Resources */ = {isa = PBXBuildFile; fileRef = C20608CB1BEF1A8100320EBA /* Interface.storyboard */; };
		C20608CF1BEF1A8100320EBA /* Assets.xcassets in Resources */ = {isa = PBXBuildFile; fileRef = C20608CE1BEF1A8100320EBA /* Assets.xcassets */; };
		C20608D61BEF1A8100320EBA /* Agent Extension.appex in Embed App Extensions */ = {isa = PBXBuildFile; fileRef = C20608D51BEF1A8100320EBA /* Agent Extension.appex */; settings = {ATTRIBUTES = (RemoveHeadersOnCopy, ); }; };
		C20608DD1BEF1A8100320EBA /* InterfaceController.swift in Sources */ = {isa = PBXBuildFile; fileRef = C20608DC1BEF1A8100320EBA /* InterfaceController.swift */; };
		C20608DF1BEF1A8100320EBA /* ExtensionDelegate.swift in Sources */ = {isa = PBXBuildFile; fileRef = C20608DE1BEF1A8100320EBA /* ExtensionDelegate.swift */; };
		C20608E11BEF1A8100320EBA /* NotificationController.swift in Sources */ = {isa = PBXBuildFile; fileRef = C20608E01BEF1A8100320EBA /* NotificationController.swift */; };
		C20608E31BEF1A8100320EBA /* Assets.xcassets in Resources */ = {isa = PBXBuildFile; fileRef = C20608E21BEF1A8100320EBA /* Assets.xcassets */; };
		C20608E71BEF1A8100320EBA /* Agent.app in Embed Watch Content */ = {isa = PBXBuildFile; fileRef = C20608C91BEF1A8100320EBA /* Agent.app */; };
		C20608F11BEF388700320EBA /* TableRowController.swift in Sources */ = {isa = PBXBuildFile; fileRef = C20608F01BEF388700320EBA /* TableRowController.swift */; };
		C20608F31BEF38F600320EBA /* Lucas.png in Resources */ = {isa = PBXBuildFile; fileRef = C20608F21BEF38F600320EBA /* Lucas.png */; };
		C20608F51BEF392800320EBA /* Troy.png in Resources */ = {isa = PBXBuildFile; fileRef = C20608F41BEF392800320EBA /* Troy.png */; };
/* End PBXBuildFile section */

/* Begin PBXContainerItemProxy section */
		C20608AB1BEF1A7000320EBA /* PBXContainerItemProxy */ = {
			isa = PBXContainerItemProxy;
			containerPortal = C206088E1BEF1A6F00320EBA /* Project object */;
			proxyType = 1;
			remoteGlobalIDString = C20608951BEF1A6F00320EBA;
			remoteInfo = Agentapp;
		};
		C20608B61BEF1A7000320EBA /* PBXContainerItemProxy */ = {
			isa = PBXContainerItemProxy;
			containerPortal = C206088E1BEF1A6F00320EBA /* Project object */;
			proxyType = 1;
			remoteGlobalIDString = C20608951BEF1A6F00320EBA;
			remoteInfo = Agentapp;
		};
		C20608D71BEF1A8100320EBA /* PBXContainerItemProxy */ = {
			isa = PBXContainerItemProxy;
			containerPortal = C206088E1BEF1A6F00320EBA /* Project object */;
			proxyType = 1;
			remoteGlobalIDString = C20608D41BEF1A8100320EBA;
			remoteInfo = "Agent Extension";
		};
		C20608E51BEF1A8100320EBA /* PBXContainerItemProxy */ = {
			isa = PBXContainerItemProxy;
			containerPortal = C206088E1BEF1A6F00320EBA /* Project object */;
			proxyType = 1;
			remoteGlobalIDString = C20608C81BEF1A8100320EBA;
			remoteInfo = Agent;
		};
/* End PBXContainerItemProxy section */

/* Begin PBXCopyFilesBuildPhase section */
		C20608EB1BEF1A8100320EBA /* Embed App Extensions */ = {
			isa = PBXCopyFilesBuildPhase;
			buildActionMask = 2147483647;
			dstPath = "";
			dstSubfolderSpec = 13;
			files = (
				C20608D61BEF1A8100320EBA /* Agent Extension.appex in Embed App Extensions */,
			);
			name = "Embed App Extensions";
			runOnlyForDeploymentPostprocessing = 0;
		};
		C20608EF1BEF1A8100320EBA /* Embed Watch Content */ = {
			isa = PBXCopyFilesBuildPhase;
			buildActionMask = 2147483647;
			dstPath = "$(CONTENTS_FOLDER_PATH)/Watch";
			dstSubfolderSpec = 16;
			files = (
				C20608E71BEF1A8100320EBA /* Agent.app in Embed Watch Content */,
			);
			name = "Embed Watch Content";
			runOnlyForDeploymentPostprocessing = 0;
		};
/* End PBXCopyFilesBuildPhase section */

/* Begin PBXFileReference section */
		C20608961BEF1A6F00320EBA /* Agentapp.app */ = {isa = PBXFileReference; explicitFileType = wrapper.application; includeInIndex = 0; path = Agentapp.app; sourceTree = BUILT_PRODUCTS_DIR; };
		C20608991BEF1A6F00320EBA /* AppDelegate.swift */ = {isa = PBXFileReference; lastKnownFileType = sourcecode.swift; path = AppDelegate.swift; sourceTree = "<group>"; };
		C206089B1BEF1A6F00320EBA /* ViewController.swift */ = {isa = PBXFileReference; lastKnownFileType = sourcecode.swift; path = ViewController.swift; sourceTree = "<group>"; };
		C206089E1BEF1A6F00320EBA /* Base */ = {isa = PBXFileReference; lastKnownFileType = file.storyboard; name = Base; path = Base.lproj/Main.storyboard; sourceTree = "<group>"; };
		C20608A01BEF1A6F00320EBA /* Assets.xcassets */ = {isa = PBXFileReference; lastKnownFileType = folder.assetcatalog; path = Assets.xcassets; sourceTree = "<group>"; };
		C20608A31BEF1A6F00320EBA /* Base */ = {isa = PBXFileReference; lastKnownFileType = file.storyboard; name = Base; path = Base.lproj/LaunchScreen.storyboard; sourceTree = "<group>"; };
		C20608A51BEF1A6F00320EBA /* Info.plist */ = {isa = PBXFileReference; lastKnownFileType = text.plist.xml; path = Info.plist; sourceTree = "<group>"; };
		C20608AA1BEF1A7000320EBA /* AgentappTests.xctest */ = {isa = PBXFileReference; explicitFileType = wrapper.cfbundle; includeInIndex = 0; path = AgentappTests.xctest; sourceTree = BUILT_PRODUCTS_DIR; };
		C20608AE1BEF1A7000320EBA /* AgentappTests.swift */ = {isa = PBXFileReference; lastKnownFileType = sourcecode.swift; path = AgentappTests.swift; sourceTree = "<group>"; };
		C20608B01BEF1A7000320EBA /* Info.plist */ = {isa = PBXFileReference; lastKnownFileType = text.plist.xml; path = Info.plist; sourceTree = "<group>"; };
		C20608B51BEF1A7000320EBA /* AgentappUITests.xctest */ = {isa = PBXFileReference; explicitFileType = wrapper.cfbundle; includeInIndex = 0; path = AgentappUITests.xctest; sourceTree = BUILT_PRODUCTS_DIR; };
		C20608B91BEF1A7000320EBA /* AgentappUITests.swift */ = {isa = PBXFileReference; lastKnownFileType = sourcecode.swift; path = AgentappUITests.swift; sourceTree = "<group>"; };
		C20608BB1BEF1A7000320EBA /* Info.plist */ = {isa = PBXFileReference; lastKnownFileType = text.plist.xml; path = Info.plist; sourceTree = "<group>"; };
		C20608C91BEF1A8100320EBA /* Agent.app */ = {isa = PBXFileReference; explicitFileType = wrapper.application; includeInIndex = 0; path = Agent.app; sourceTree = BUILT_PRODUCTS_DIR; };
		C20608CC1BEF1A8100320EBA /* Base */ = {isa = PBXFileReference; lastKnownFileType = file.storyboard; name = Base; path = Base.lproj/Interface.storyboard; sourceTree = "<group>"; };
		C20608CE1BEF1A8100320EBA /* Assets.xcassets */ = {isa = PBXFileReference; lastKnownFileType = folder.assetcatalog; path = Assets.xcassets; sourceTree = "<group>"; };
		C20608D01BEF1A8100320EBA /* Info.plist */ = {isa = PBXFileReference; lastKnownFileType = text.plist.xml; path = Info.plist; sourceTree = "<group>"; };
		C20608D51BEF1A8100320EBA /* Agent Extension.appex */ = {isa = PBXFileReference; explicitFileType = "wrapper.app-extension"; includeInIndex = 0; path = "Agent Extension.appex"; sourceTree = BUILT_PRODUCTS_DIR; };
		C20608DB1BEF1A8100320EBA /* PushNotificationPayload.apns */ = {isa = PBXFileReference; lastKnownFileType = text; path = PushNotificationPayload.apns; sourceTree = "<group>"; };
		C20608DC1BEF1A8100320EBA /* InterfaceController.swift */ = {isa = PBXFileReference; lastKnownFileType = sourcecode.swift; path = InterfaceController.swift; sourceTree = "<group>"; };
		C20608DE1BEF1A8100320EBA /* ExtensionDelegate.swift */ = {isa = PBXFileReference; lastKnownFileType = sourcecode.swift; path = ExtensionDelegate.swift; sourceTree = "<group>"; };
		C20608E01BEF1A8100320EBA /* NotificationController.swift */ = {isa = PBXFileReference; lastKnownFileType = sourcecode.swift; path = NotificationController.swift; sourceTree = "<group>"; };
		C20608E21BEF1A8100320EBA /* Assets.xcassets */ = {isa = PBXFileReference; lastKnownFileType = folder.assetcatalog; path = Assets.xcassets; sourceTree = "<group>"; };
		C20608E41BEF1A8100320EBA /* Info.plist */ = {isa = PBXFileReference; lastKnownFileType = text.plist.xml; path = Info.plist; sourceTree = "<group>"; };
		C20608F01BEF388700320EBA /* TableRowController.swift */ = {isa = PBXFileReference; fileEncoding = 4; lastKnownFileType = sourcecode.swift; path = TableRowController.swift; sourceTree = "<group>"; };
		C20608F21BEF38F600320EBA /* Lucas.png */ = {isa = PBXFileReference; lastKnownFileType = image.png; name = Lucas.png; path = Agentapp/Lucas.png; sourceTree = SOURCE_ROOT; };
		C20608F41BEF392800320EBA /* Troy.png */ = {isa = PBXFileReference; lastKnownFileType = image.png; name = Troy.png; path = Agentapp/Troy.png; sourceTree = SOURCE_ROOT; };
/* End PBXFileReference section */

/* Begin PBXFrameworksBuildPhase section */
		C20608931BEF1A6F00320EBA /* Frameworks */ = {
			isa = PBXFrameworksBuildPhase;
			buildActionMask = 2147483647;
			files = (
			);
			runOnlyForDeploymentPostprocessing = 0;
		};
		C20608A71BEF1A7000320EBA /* Frameworks */ = {
			isa = PBXFrameworksBuildPhase;
			buildActionMask = 2147483647;
			files = (
			);
			runOnlyForDeploymentPostprocessing = 0;
		};
		C20608B21BEF1A7000320EBA /* Frameworks */ = {
			isa = PBXFrameworksBuildPhase;
			buildActionMask = 2147483647;
			files = (
			);
			runOnlyForDeploymentPostprocessing = 0;
		};
		C20608D21BEF1A8100320EBA /* Frameworks */ = {
			isa = PBXFrameworksBuildPhase;
			buildActionMask = 2147483647;
			files = (
			);
			runOnlyForDeploymentPostprocessing = 0;
		};
/* End PBXFrameworksBuildPhase section */

/* Begin PBXGroup section */
		C206088D1BEF1A6F00320EBA = {
			isa = PBXGroup;
			children = (
				C20608981BEF1A6F00320EBA /* Agentapp */,
				C20608AD1BEF1A7000320EBA /* AgentappTests */,
				C20608B81BEF1A7000320EBA /* AgentappUITests */,
				C20608CA1BEF1A8100320EBA /* Agent */,
				C20608D91BEF1A8100320EBA /* Agent Extension */,
				C20608971BEF1A6F00320EBA /* Products */,
			);
			sourceTree = "<group>";
		};
		C20608971BEF1A6F00320EBA /* Products */ = {
			isa = PBXGroup;
			children = (
				C20608961BEF1A6F00320EBA /* Agentapp.app */,
				C20608AA1BEF1A7000320EBA /* AgentappTests.xctest */,
				C20608B51BEF1A7000320EBA /* AgentappUITests.xctest */,
				C20608C91BEF1A8100320EBA /* Agent.app */,
				C20608D51BEF1A8100320EBA /* Agent Extension.appex */,
			);
			name = Products;
			sourceTree = "<group>";
		};
		C20608981BEF1A6F00320EBA /* Agentapp */ = {
			isa = PBXGroup;
			children = (
				C20608991BEF1A6F00320EBA /* AppDelegate.swift */,
				C206089B1BEF1A6F00320EBA /* ViewController.swift */,
				C206089D1BEF1A6F00320EBA /* Main.storyboard */,
				C20608A01BEF1A6F00320EBA /* Assets.xcassets */,
				C20608A21BEF1A6F00320EBA /* LaunchScreen.storyboard */,
				C20608A51BEF1A6F00320EBA /* Info.plist */,
			);
			path = Agentapp;
			sourceTree = "<group>";
		};
		C20608AD1BEF1A7000320EBA /* AgentappTests */ = {
			isa = PBXGroup;
			children = (
				C20608AE1BEF1A7000320EBA /* AgentappTests.swift */,
				C20608B01BEF1A7000320EBA /* Info.plist */,
			);
			path = AgentappTests;
			sourceTree = "<group>";
		};
		C20608B81BEF1A7000320EBA /* AgentappUITests */ = {
			isa = PBXGroup;
			children = (
				C20608B91BEF1A7000320EBA /* AgentappUITests.swift */,
				C20608BB1BEF1A7000320EBA /* Info.plist */,
			);
			path = AgentappUITests;
			sourceTree = "<group>";
		};
		C20608CA1BEF1A8100320EBA /* Agent */ = {
			isa = PBXGroup;
			children = (
				C20608CB1BEF1A8100320EBA /* Interface.storyboard */,
				C20608CE1BEF1A8100320EBA /* Assets.xcassets */,
				C20608F41BEF392800320EBA /* Troy.png */,
				C20608F21BEF38F600320EBA /* Lucas.png */,
				C20608D01BEF1A8100320EBA /* Info.plist */,
			);
			path = Agent;
			sourceTree = "<group>";
		};
		C20608D91BEF1A8100320EBA /* Agent Extension */ = {
			isa = PBXGroup;
			children = (
				C20608DC1BEF1A8100320EBA /* InterfaceController.swift */,
				C20608F01BEF388700320EBA /* TableRowController.swift */,
				C20608DE1BEF1A8100320EBA /* ExtensionDelegate.swift */,
				C20608E01BEF1A8100320EBA /* NotificationController.swift */,
				C20608E21BEF1A8100320EBA /* Assets.xcassets */,
				C20608E41BEF1A8100320EBA /* Info.plist */,
				C20608DA1BEF1A8100320EBA /* Supporting Files */,
			);
			path = "Agent Extension";
			sourceTree = "<group>";
		};
		C20608DA1BEF1A8100320EBA /* Supporting Files */ = {
			isa = PBXGroup;
			children = (
				C20608DB1BEF1A8100320EBA /* PushNotificationPayload.apns */,
			);
			name = "Supporting Files";
			sourceTree = "<group>";
		};
/* End PBXGroup section */

/* Begin PBXNativeTarget section */
		C20608951BEF1A6F00320EBA /* Agentapp */ = {
			isa = PBXNativeTarget;
			buildConfigurationList = C20608BE1BEF1A7000320EBA /* Build configuration list for PBXNativeTarget "Agentapp" */;
			buildPhases = (
				C20608921BEF1A6F00320EBA /* Sources */,
				C20608931BEF1A6F00320EBA /* Frameworks */,
				C20608941BEF1A6F00320EBA /* Resources */,
				C20608EF1BEF1A8100320EBA /* Embed Watch Content */,
			);
			buildRules = (
			);
			dependencies = (
				C20608E61BEF1A8100320EBA /* PBXTargetDependency */,
			);
			name = Agentapp;
			productName = Agentapp;
			productReference = C20608961BEF1A6F00320EBA /* Agentapp.app */;
			productType = "com.apple.product-type.application";
		};
		C20608A91BEF1A7000320EBA /* AgentappTests */ = {
			isa = PBXNativeTarget;
			buildConfigurationList = C20608C11BEF1A7000320EBA /* Build configuration list for PBXNativeTarget "AgentappTests" */;
			buildPhases = (
				C20608A61BEF1A7000320EBA /* Sources */,
				C20608A71BEF1A7000320EBA /* Frameworks */,
				C20608A81BEF1A7000320EBA /* Resources */,
			);
			buildRules = (
			);
			dependencies = (
				C20608AC1BEF1A7000320EBA /* PBXTargetDependency */,
			);
			name = AgentappTests;
			productName = AgentappTests;
			productReference = C20608AA1BEF1A7000320EBA /* AgentappTests.xctest */;
			productType = "com.apple.product-type.bundle.unit-test";
		};
		C20608B41BEF1A7000320EBA /* AgentappUITests */ = {
			isa = PBXNativeTarget;
			buildConfigurationList = C20608C41BEF1A7000320EBA /* Build configuration list for PBXNativeTarget "AgentappUITests" */;
			buildPhases = (
				C20608B11BEF1A7000320EBA /* Sources */,
				C20608B21BEF1A7000320EBA /* Frameworks */,
				C20608B31BEF1A7000320EBA /* Resources */,
			);
			buildRules = (
			);
			dependencies = (
				C20608B71BEF1A7000320EBA /* PBXTargetDependency */,
			);
			name = AgentappUITests;
			productName = AgentappUITests;
			productReference = C20608B51BEF1A7000320EBA /* AgentappUITests.xctest */;
			productType = "com.apple.product-type.bundle.ui-testing";
		};
		C20608C81BEF1A8100320EBA /* Agent */ = {
			isa = PBXNativeTarget;
			buildConfigurationList = C20608EC1BEF1A8100320EBA /* Build configuration list for PBXNativeTarget "Agent" */;
			buildPhases = (
				C20608C71BEF1A8100320EBA /* Resources */,
				C20608EB1BEF1A8100320EBA /* Embed App Extensions */,
			);
			buildRules = (
			);
			dependencies = (
				C20608D81BEF1A8100320EBA /* PBXTargetDependency */,
			);
			name = Agent;
			productName = Agent;
			productReference = C20608C91BEF1A8100320EBA /* Agent.app */;
			productType = "com.apple.product-type.application.watchapp2";
		};
		C20608D41BEF1A8100320EBA /* Agent Extension */ = {
			isa = PBXNativeTarget;
			buildConfigurationList = C20608E81BEF1A8100320EBA /* Build configuration list for PBXNativeTarget "Agent Extension" */;
			buildPhases = (
				C20608D11BEF1A8100320EBA /* Sources */,
				C20608D21BEF1A8100320EBA /* Frameworks */,
				C20608D31BEF1A8100320EBA /* Resources */,
			);
			buildRules = (
			);
			dependencies = (
			);
			name = "Agent Extension";
			productName = "Agent Extension";
			productReference = C20608D51BEF1A8100320EBA /* Agent Extension.appex */;
			productType = "com.apple.product-type.watchkit2-extension";
		};
/* End PBXNativeTarget section */

/* Begin PBXProject section */
		C206088E1BEF1A6F00320EBA /* Project object */ = {
			isa = PBXProject;
			attributes = {
				LastSwiftUpdateCheck = 0710;
				LastUpgradeCheck = 0710;
				ORGANIZATIONNAME = "Lucas Farah";
				TargetAttributes = {
					C20608951BEF1A6F00320EBA = {
						CreatedOnToolsVersion = 7.1;
						DevelopmentTeam = BRY2B7NKP2;
					};
					C20608A91BEF1A7000320EBA = {
						CreatedOnToolsVersion = 7.1;
						TestTargetID = C20608951BEF1A6F00320EBA;
					};
					C20608B41BEF1A7000320EBA = {
						CreatedOnToolsVersion = 7.1;
						TestTargetID = C20608951BEF1A6F00320EBA;
					};
					C20608C81BEF1A8100320EBA = {
						CreatedOnToolsVersion = 7.1;
						DevelopmentTeam = BRY2B7NKP2;
					};
					C20608D41BEF1A8100320EBA = {
						CreatedOnToolsVersion = 7.1;
						DevelopmentTeam = BRY2B7NKP2;
					};
				};
			};
			buildConfigurationList = C20608911BEF1A6F00320EBA /* Build configuration list for PBXProject "Agentapp" */;
			compatibilityVersion = "Xcode 3.2";
			developmentRegion = English;
			hasScannedForEncodings = 0;
			knownRegions = (
				en,
				Base,
			);
			mainGroup = C206088D1BEF1A6F00320EBA;
			productRefGroup = C20608971BEF1A6F00320EBA /* Products */;
			projectDirPath = "";
			projectRoot = "";
			targets = (
				C20608951BEF1A6F00320EBA /* Agentapp */,
				C20608A91BEF1A7000320EBA /* AgentappTests */,
				C20608B41BEF1A7000320EBA /* AgentappUITests */,
				C20608C81BEF1A8100320EBA /* Agent */,
				C20608D41BEF1A8100320EBA /* Agent Extension */,
			);
		};
/* End PBXProject section */

/* Begin PBXResourcesBuildPhase section */
		C20608941BEF1A6F00320EBA /* Resources */ = {
			isa = PBXResourcesBuildPhase;
			buildActionMask = 2147483647;
			files = (
				C20608A41BEF1A6F00320EBA /* LaunchScreen.storyboard in Resources */,
				C20608F51BEF392800320EBA /* Troy.png in Resources */,
				C20608A11BEF1A6F00320EBA /* Assets.xcassets in Resources */,
				C20608F31BEF38F600320EBA /* Lucas.png in Resources */,
				C206089F1BEF1A6F00320EBA /* Main.storyboard in Resources */,
			);
			runOnlyForDeploymentPostprocessing = 0;
		};
		C20608A81BEF1A7000320EBA /* Resources */ = {
			isa = PBXResourcesBuildPhase;
			buildActionMask = 2147483647;
			files = (
			);
			runOnlyForDeploymentPostprocessing = 0;
		};
		C20608B31BEF1A7000320EBA /* Resources */ = {
			isa = PBXResourcesBuildPhase;
			buildActionMask = 2147483647;
			files = (
			);
			runOnlyForDeploymentPostprocessing = 0;
		};
		C20608C71BEF1A8100320EBA /* Resources */ = {
			isa = PBXResourcesBuildPhase;
			buildActionMask = 2147483647;
			files = (
				C20608CF1BEF1A8100320EBA /* Assets.xcassets in Resources */,
				C20608CD1BEF1A8100320EBA /* Interface.storyboard in Resources */,
			);
			runOnlyForDeploymentPostprocessing = 0;
		};
		C20608D31BEF1A8100320EBA /* Resources */ = {
			isa = PBXResourcesBuildPhase;
			buildActionMask = 2147483647;
			files = (
				C20608E31BEF1A8100320EBA /* Assets.xcassets in Resources */,
			);
			runOnlyForDeploymentPostprocessing = 0;
		};
/* End PBXResourcesBuildPhase section */

/* Begin PBXSourcesBuildPhase section */
		C20608921BEF1A6F00320EBA /* Sources */ = {
			isa = PBXSourcesBuildPhase;
			buildActionMask = 2147483647;
			files = (
				C206089C1BEF1A6F00320EBA /* ViewController.swift in Sources */,
				C206089A1BEF1A6F00320EBA /* AppDelegate.swift in Sources */,
			);
			runOnlyForDeploymentPostprocessing = 0;
		};
		C20608A61BEF1A7000320EBA /* Sources */ = {
			isa = PBXSourcesBuildPhase;
			buildActionMask = 2147483647;
			files = (
				C20608AF1BEF1A7000320EBA /* AgentappTests.swift in Sources */,
			);
			runOnlyForDeploymentPostprocessing = 0;
		};
		C20608B11BEF1A7000320EBA /* Sources */ = {
			isa = PBXSourcesBuildPhase;
			buildActionMask = 2147483647;
			files = (
				C20608BA1BEF1A7000320EBA /* AgentappUITests.swift in Sources */,
			);
			runOnlyForDeploymentPostprocessing = 0;
		};
		C20608D11BEF1A8100320EBA /* Sources */ = {
			isa = PBXSourcesBuildPhase;
			buildActionMask = 2147483647;
			files = (
				C20608E11BEF1A8100320EBA /* NotificationController.swift in Sources */,
				C20608DF1BEF1A8100320EBA /* ExtensionDelegate.swift in Sources */,
				C20608DD1BEF1A8100320EBA /* InterfaceController.swift in Sources */,
				C20608F11BEF388700320EBA /* TableRowController.swift in Sources */,
			);
			runOnlyForDeploymentPostprocessing = 0;
		};
/* End PBXSourcesBuildPhase section */

/* Begin PBXTargetDependency section */
		C20608AC1BEF1A7000320EBA /* PBXTargetDependency */ = {
			isa = PBXTargetDependency;
			target = C20608951BEF1A6F00320EBA /* Agentapp */;
			targetProxy = C20608AB1BEF1A7000320EBA /* PBXContainerItemProxy */;
		};
		C20608B71BEF1A7000320EBA /* PBXTargetDependency */ = {
			isa = PBXTargetDependency;
			target = C20608951BEF1A6F00320EBA /* Agentapp */;
			targetProxy = C20608B61BEF1A7000320EBA /* PBXContainerItemProxy */;
		};
		C20608D81BEF1A8100320EBA /* PBXTargetDependency */ = {
			isa = PBXTargetDependency;
			target = C20608D41BEF1A8100320EBA /* Agent Extension */;
			targetProxy = C20608D71BEF1A8100320EBA /* PBXContainerItemProxy */;
		};
		C20608E61BEF1A8100320EBA /* PBXTargetDependency */ = {
			isa = PBXTargetDependency;
			target = C20608C81BEF1A8100320EBA /* Agent */;
			targetProxy = C20608E51BEF1A8100320EBA /* PBXContainerItemProxy */;
		};
/* End PBXTargetDependency section */

/* Begin PBXVariantGroup section */
		C206089D1BEF1A6F00320EBA /* Main.storyboard */ = {
			isa = PBXVariantGroup;
			children = (
				C206089E1BEF1A6F00320EBA /* Base */,
			);
			name = Main.storyboard;
			sourceTree = "<group>";
		};
		C20608A21BEF1A6F00320EBA /* LaunchScreen.storyboard */ = {
			isa = PBXVariantGroup;
			children = (
				C20608A31BEF1A6F00320EBA /* Base */,
			);
			name = LaunchScreen.storyboard;
			sourceTree = "<group>";
		};
		C20608CB1BEF1A8100320EBA /* Interface.storyboard */ = {
			isa = PBXVariantGroup;
			children = (
				C20608CC1BEF1A8100320EBA /* Base */,
			);
			name = Interface.storyboard;
			sourceTree = "<group>";
		};
/* End PBXVariantGroup section */

/* Begin XCBuildConfiguration section */
		C20608BC1BEF1A7000320EBA /* Debug */ = {
			isa = XCBuildConfiguration;
			buildSettings = {
				ALWAYS_SEARCH_USER_PATHS = NO;
				CLANG_CXX_LANGUAGE_STANDARD = "gnu++0x";
				CLANG_CXX_LIBRARY = "libc++";
				CLANG_ENABLE_MODULES = YES;
				CLANG_ENABLE_OBJC_ARC = YES;
				CLANG_WARN_BOOL_CONVERSION = YES;
				CLANG_WARN_CONSTANT_CONVERSION = YES;
				CLANG_WARN_DIRECT_OBJC_ISA_USAGE = YES_ERROR;
				CLANG_WARN_EMPTY_BODY = YES;
				CLANG_WARN_ENUM_CONVERSION = YES;
				CLANG_WARN_INT_CONVERSION = YES;
				CLANG_WARN_OBJC_ROOT_CLASS = YES_ERROR;
				CLANG_WARN_UNREACHABLE_CODE = YES;
				CLANG_WARN__DUPLICATE_METHOD_MATCH = YES;
				"CODE_SIGN_IDENTITY[sdk=iphoneos*]" = "iPhone Developer";
				COPY_PHASE_STRIP = NO;
				DEBUG_INFORMATION_FORMAT = dwarf;
				ENABLE_STRICT_OBJC_MSGSEND = YES;
				ENABLE_TESTABILITY = YES;
				GCC_C_LANGUAGE_STANDARD = gnu99;
				GCC_DYNAMIC_NO_PIC = NO;
				GCC_NO_COMMON_BLOCKS = YES;
				GCC_OPTIMIZATION_LEVEL = 0;
				GCC_PREPROCESSOR_DEFINITIONS = (
					"DEBUG=1",
					"$(inherited)",
				);
				GCC_WARN_64_TO_32_BIT_CONVERSION = YES;
				GCC_WARN_ABOUT_RETURN_TYPE = YES_ERROR;
				GCC_WARN_UNDECLARED_SELECTOR = YES;
				GCC_WARN_UNINITIALIZED_AUTOS = YES_AGGRESSIVE;
				GCC_WARN_UNUSED_FUNCTION = YES;
				GCC_WARN_UNUSED_VARIABLE = YES;
				IPHONEOS_DEPLOYMENT_TARGET = 9.1;
				MTL_ENABLE_DEBUG_INFO = YES;
				ONLY_ACTIVE_ARCH = YES;
				SDKROOT = iphoneos;
				SWIFT_OPTIMIZATION_LEVEL = "-Onone";
			};
			name = Debug;
		};
		C20608BD1BEF1A7000320EBA /* Release */ = {
			isa = XCBuildConfiguration;
			buildSettings = {
				ALWAYS_SEARCH_USER_PATHS = NO;
				CLANG_CXX_LANGUAGE_STANDARD = "gnu++0x";
				CLANG_CXX_LIBRARY = "libc++";
				CLANG_ENABLE_MODULES = YES;
				CLANG_ENABLE_OBJC_ARC = YES;
				CLANG_WARN_BOOL_CONVERSION = YES;
				CLANG_WARN_CONSTANT_CONVERSION = YES;
				CLANG_WARN_DIRECT_OBJC_ISA_USAGE = YES_ERROR;
				CLANG_WARN_EMPTY_BODY = YES;
				CLANG_WARN_ENUM_CONVERSION = YES;
				CLANG_WARN_INT_CONVERSION = YES;
				CLANG_WARN_OBJC_ROOT_CLASS = YES_ERROR;
				CLANG_WARN_UNREACHABLE_CODE = YES;
				CLANG_WARN__DUPLICATE_METHOD_MATCH = YES;
				"CODE_SIGN_IDENTITY[sdk=iphoneos*]" = "iPhone Developer";
				COPY_PHASE_STRIP = NO;
				DEBUG_INFORMATION_FORMAT = "dwarf-with-dsym";
				ENABLE_NS_ASSERTIONS = NO;
				ENABLE_STRICT_OBJC_MSGSEND = YES;
				GCC_C_LANGUAGE_STANDARD = gnu99;
				GCC_NO_COMMON_BLOCKS = YES;
				GCC_WARN_64_TO_32_BIT_CONVERSION = YES;
				GCC_WARN_ABOUT_RETURN_TYPE = YES_ERROR;
				GCC_WARN_UNDECLARED_SELECTOR = YES;
				GCC_WARN_UNINITIALIZED_AUTOS = YES_AGGRESSIVE;
				GCC_WARN_UNUSED_FUNCTION = YES;
				GCC_WARN_UNUSED_VARIABLE = YES;
				IPHONEOS_DEPLOYMENT_TARGET = 9.1;
				MTL_ENABLE_DEBUG_INFO = NO;
				SDKROOT = iphoneos;
				VALIDATE_PRODUCT = YES;
			};
			name = Release;
		};
		C20608BF1BEF1A7000320EBA /* Debug */ = {
			isa = XCBuildConfiguration;
			buildSettings = {
				ASSETCATALOG_COMPILER_APPICON_NAME = AppIcon;
				CODE_SIGN_IDENTITY = "iPhone Developer";
				INFOPLIST_FILE = Agentapp/Info.plist;
				LD_RUNPATH_SEARCH_PATHS = "$(inherited) @executable_path/Frameworks";
				PRODUCT_BUNDLE_IDENTIFIER = farah.lucas.Agentapp;
				PRODUCT_NAME = "$(TARGET_NAME)";
			};
			name = Debug;
		};
		C20608C01BEF1A7000320EBA /* Release */ = {
			isa = XCBuildConfiguration;
			buildSettings = {
				ASSETCATALOG_COMPILER_APPICON_NAME = AppIcon;
				CODE_SIGN_IDENTITY = "iPhone Developer";
				INFOPLIST_FILE = Agentapp/Info.plist;
				LD_RUNPATH_SEARCH_PATHS = "$(inherited) @executable_path/Frameworks";
				PRODUCT_BUNDLE_IDENTIFIER = farah.lucas.Agentapp;
				PRODUCT_NAME = "$(TARGET_NAME)";
			};
			name = Release;
		};
		C20608C21BEF1A7000320EBA /* Debug */ = {
			isa = XCBuildConfiguration;
			buildSettings = {
				BUNDLE_LOADER = "$(TEST_HOST)";
				INFOPLIST_FILE = AgentappTests/Info.plist;
				LD_RUNPATH_SEARCH_PATHS = "$(inherited) @executable_path/Frameworks @loader_path/Frameworks";
				PRODUCT_BUNDLE_IDENTIFIER = farah.lucas.AgentappTests;
				PRODUCT_NAME = "$(TARGET_NAME)";
				TEST_HOST = "$(BUILT_PRODUCTS_DIR)/Agentapp.app/Agentapp";
			};
			name = Debug;
		};
		C20608C31BEF1A7000320EBA /* Release */ = {
			isa = XCBuildConfiguration;
			buildSettings = {
				BUNDLE_LOADER = "$(TEST_HOST)";
				INFOPLIST_FILE = AgentappTests/Info.plist;
				LD_RUNPATH_SEARCH_PATHS = "$(inherited) @executable_path/Frameworks @loader_path/Frameworks";
				PRODUCT_BUNDLE_IDENTIFIER = farah.lucas.AgentappTests;
				PRODUCT_NAME = "$(TARGET_NAME)";
				TEST_HOST = "$(BUILT_PRODUCTS_DIR)/Agentapp.app/Agentapp";
			};
			name = Release;
		};
		C20608C51BEF1A7000320EBA /* Debug */ = {
			isa = XCBuildConfiguration;
			buildSettings = {
				INFOPLIST_FILE = AgentappUITests/Info.plist;
				LD_RUNPATH_SEARCH_PATHS = "$(inherited) @executable_path/Frameworks @loader_path/Frameworks";
				PRODUCT_BUNDLE_IDENTIFIER = farah.lucas.AgentappUITests;
				PRODUCT_NAME = "$(TARGET_NAME)";
				TEST_TARGET_NAME = Agentapp;
				USES_XCTRUNNER = YES;
			};
			name = Debug;
		};
		C20608C61BEF1A7000320EBA /* Release */ = {
			isa = XCBuildConfiguration;
			buildSettings = {
				INFOPLIST_FILE = AgentappUITests/Info.plist;
				LD_RUNPATH_SEARCH_PATHS = "$(inherited) @executable_path/Frameworks @loader_path/Frameworks";
				PRODUCT_BUNDLE_IDENTIFIER = farah.lucas.AgentappUITests;
				PRODUCT_NAME = "$(TARGET_NAME)";
				TEST_TARGET_NAME = Agentapp;
				USES_XCTRUNNER = YES;
			};
			name = Release;
		};
		C20608E91BEF1A8100320EBA /* Debug */ = {
			isa = XCBuildConfiguration;
			buildSettings = {
				CODE_SIGN_IDENTITY = "iPhone Developer";
				INFOPLIST_FILE = "Agent Extension/Info.plist";
				LD_RUNPATH_SEARCH_PATHS = "$(inherited) @executable_path/Frameworks @executable_path/../../Frameworks";
				PRODUCT_BUNDLE_IDENTIFIER = farah.lucas.Agentapp.watchkitapp.watchkitextension;
				PRODUCT_NAME = "${TARGET_NAME}";
				SDKROOT = watchos;
				SKIP_INSTALL = YES;
				TARGETED_DEVICE_FAMILY = 4;
				WATCHOS_DEPLOYMENT_TARGET = 2.0;
			};
			name = Debug;
		};
		C20608EA1BEF1A8100320EBA /* Release */ = {
			isa = XCBuildConfiguration;
			buildSettings = {
				CODE_SIGN_IDENTITY = "iPhone Developer";
				INFOPLIST_FILE = "Agent Extension/Info.plist";
				LD_RUNPATH_SEARCH_PATHS = "$(inherited) @executable_path/Frameworks @executable_path/../../Frameworks";
				PRODUCT_BUNDLE_IDENTIFIER = farah.lucas.Agentapp.watchkitapp.watchkitextension;
				PRODUCT_NAME = "${TARGET_NAME}";
				SDKROOT = watchos;
				SKIP_INSTALL = YES;
				TARGETED_DEVICE_FAMILY = 4;
				WATCHOS_DEPLOYMENT_TARGET = 2.0;
			};
			name = Release;
		};
		C20608ED1BEF1A8100320EBA /* Debug */ = {
			isa = XCBuildConfiguration;
			buildSettings = {
				ASSETCATALOG_COMPILER_APPICON_NAME = AppIcon;
				CODE_SIGN_IDENTITY = "iPhone Developer";
				EMBEDDED_CONTENT_CONTAINS_SWIFT = YES;
				IBSC_MODULE = Agent_Extension;
				INFOPLIST_FILE = Agent/Info.plist;
				PRODUCT_BUNDLE_IDENTIFIER = farah.lucas.Agentapp.watchkitapp;
				PRODUCT_NAME = "$(TARGET_NAME)";
				SDKROOT = watchos;
				SKIP_INSTALL = YES;
				TARGETED_DEVICE_FAMILY = 4;
				WATCHOS_DEPLOYMENT_TARGET = 2.0;
			};
			name = Debug;
		};
		C20608EE1BEF1A8100320EBA /* Release */ = {
			isa = XCBuildConfiguration;
			buildSettings = {
				ASSETCATALOG_COMPILER_APPICON_NAME = AppIcon;
				CODE_SIGN_IDENTITY = "iPhone Developer";
				EMBEDDED_CONTENT_CONTAINS_SWIFT = YES;
				IBSC_MODULE = Agent_Extension;
				INFOPLIST_FILE = Agent/Info.plist;
				PRODUCT_BUNDLE_IDENTIFIER = farah.lucas.Agentapp.watchkitapp;
				PRODUCT_NAME = "$(TARGET_NAME)";
				SDKROOT = watchos;
				SKIP_INSTALL = YES;
				TARGETED_DEVICE_FAMILY = 4;
				WATCHOS_DEPLOYMENT_TARGET = 2.0;
			};
			name = Release;
		};
/* End XCBuildConfiguration section */

/* Begin XCConfigurationList section */
		C20608911BEF1A6F00320EBA /* Build configuration list for PBXProject "Agentapp" */ = {
			isa = XCConfigurationList;
			buildConfigurations = (
				C20608BC1BEF1A7000320EBA /* Debug */,
				C20608BD1BEF1A7000320EBA /* Release */,
			);
			defaultConfigurationIsVisible = 0;
			defaultConfigurationName = Release;
		};
		C20608BE1BEF1A7000320EBA /* Build configuration list for PBXNativeTarget "Agentapp" */ = {
			isa = XCConfigurationList;
			buildConfigurations = (
				C20608BF1BEF1A7000320EBA /* Debug */,
				C20608C01BEF1A7000320EBA /* Release */,
			);
			defaultConfigurationIsVisible = 0;
		};
		C20608C11BEF1A7000320EBA /* Build configuration list for PBXNativeTarget "AgentappTests" */ = {
			isa = XCConfigurationList;
			buildConfigurations = (
				C20608C21BEF1A7000320EBA /* Debug */,
				C20608C31BEF1A7000320EBA /* Release */,
			);
			defaultConfigurationIsVisible = 0;
		};
		C20608C41BEF1A7000320EBA /* Build configuration list for PBXNativeTarget "AgentappUITests" */ = {
			isa = XCConfigurationList;
			buildConfigurations = (
				C20608C51BEF1A7000320EBA /* Debug */,
				C20608C61BEF1A7000320EBA /* Release */,
			);
			defaultConfigurationIsVisible = 0;
		};
		C20608E81BEF1A8100320EBA /* Build configuration list for PBXNativeTarget "Agent Extension" */ = {
			isa = XCConfigurationList;
			buildConfigurations = (
				C20608E91BEF1A8100320EBA /* Debug */,
				C20608EA1BEF1A8100320EBA /* Release */,
			);
			defaultConfigurationIsVisible = 0;
		};
		C20608EC1BEF1A8100320EBA /* Build configuration list for PBXNativeTarget "Agent" */ = {
			isa = XCConfigurationList;
			buildConfigurations = (
				C20608ED1BEF1A8100320EBA /* Debug */,
				C20608EE1BEF1A8100320EBA /* Release */,
			);
			defaultConfigurationIsVisible = 0;
		};
/* End XCConfigurationList section */
	};
	rootObject = C206088E1BEF1A6F00320EBA /* Project object */;
}
