// !$*UTF8*$!
{
	archiveVersion = 1;
	classes = {
	};
	objectVersion = 46;
	objects = {

/* Begin PBXBuildFile section */
		C27A65BE1BEE75C000F37CFD /* PersonalizeViewController.swift in Sources */ = {isa = PBXBuildFile; fileRef = C27A65BD1BEE75C000F37CFD /* PersonalizeViewController.swift */; };
		C28B51961BEE6C2100522875 /* AppDelegate.swift in Sources */ = {isa = PBXBuildFile; fileRef = C28B51951BEE6C2100522875 /* AppDelegate.swift */; };
		C28B51981BEE6C2100522875 /* ViewController.swift in Sources */ = {isa = PBXBuildFile; fileRef = C28B51971BEE6C2100522875 /* ViewController.swift */; };
		C28B519B1BEE6C2100522875 /* Main.storyboard in Resources */ = {isa = PBXBuildFile; fileRef = C28B51991BEE6C2100522875 /* Main.storyboard */; };
		C28B519D1BEE6C2100522875 /* Assets.xcassets in Resources */ = {isa = PBXBuildFile; fileRef = C28B519C1BEE6C2100522875 /* Assets.xcassets */; };
		C28B51A01BEE6C2100522875 /* LaunchScreen.storyboard in Resources */ = {isa = PBXBuildFile; fileRef = C28B519E1BEE6C2100522875 /* LaunchScreen.storyboard */; };
		C28B51AB1BEE6C2100522875 /* ZipcodeHackathonTests.swift in Sources */ = {isa = PBXBuildFile; fileRef = C28B51AA1BEE6C2100522875 /* ZipcodeHackathonTests.swift */; };
		C28B51B61BEE6C2200522875 /* ZipcodeHackathonUITests.swift in Sources */ = {isa = PBXBuildFile; fileRef = C28B51B51BEE6C2200522875 /* ZipcodeHackathonUITests.swift */; };
		C28B51C41BEE6D5E00522875 /* ListingsTableViewCell.swift in Sources */ = {isa = PBXBuildFile; fileRef = C28B51C31BEE6D5E00522875 /* ListingsTableViewCell.swift */; };
		C28B51C61BEE6D7700522875 /* ListingsViewController.swift in Sources */ = {isa = PBXBuildFile; fileRef = C28B51C51BEE6D7700522875 /* ListingsViewController.swift */; };
		C28B51C81BEE6F5C00522875 /* Baker-Haigh-Nimocks-House-Heritage-Square-Fayetteville-NC.JPG in Resources */ = {isa = PBXBuildFile; fileRef = C28B51C71BEE6F5C00522875 /* Baker-Haigh-Nimocks-House-Heritage-Square-Fayetteville-NC.JPG */; };
		C2975F891BEE8CB200590646 /* DetailListingViewController.swift in Sources */ = {isa = PBXBuildFile; fileRef = C2975F881BEE8CB200590646 /* DetailListingViewController.swift */; };
		C2975F8B1BEE93D700590646 /* EstimoteSDK.framework in Frameworks */ = {isa = PBXBuildFile; fileRef = C2975F8A1BEE93D700590646 /* EstimoteSDK.framework */; };
		C2975F941BEE9C9100590646 /* BeaconTestViewController.swift in Sources */ = {isa = PBXBuildFile; fileRef = C2975F931BEE9C9100590646 /* BeaconTestViewController.swift */; };
		C2975F961BEEA33700590646 /* overlay.png in Resources */ = {isa = PBXBuildFile; fileRef = C2975F951BEEA33700590646 /* overlay.png */; };
		C2975F981BEEAA2C00590646 /* profile_round-7.png in Resources */ = {isa = PBXBuildFile; fileRef = C2975F971BEEAA2C00590646 /* profile_round-7.png */; };
		FF1903A6D0934E0D59EBAE83 /* Pods_ZipcodeHackathon.framework in Frameworks */ = {isa = PBXBuildFile; fileRef = 11CA3643D1C9DA4C3928FE2C /* Pods_ZipcodeHackathon.framework */; settings = {ATTRIBUTES = (Weak, ); }; };
/* End PBXBuildFile section */

/* Begin PBXContainerItemProxy section */
		C28B51A71BEE6C2100522875 /* PBXContainerItemProxy */ = {
			isa = PBXContainerItemProxy;
			containerPortal = C28B518A1BEE6C2100522875 /* Project object */;
			proxyType = 1;
			remoteGlobalIDString = C28B51911BEE6C2100522875;
			remoteInfo = ZipcodeHackathon;
		};
		C28B51B21BEE6C2100522875 /* PBXContainerItemProxy */ = {
			isa = PBXContainerItemProxy;
			containerPortal = C28B518A1BEE6C2100522875 /* Project object */;
			proxyType = 1;
			remoteGlobalIDString = C28B51911BEE6C2100522875;
			remoteInfo = ZipcodeHackathon;
		};
/* End PBXContainerItemProxy section */

/* Begin PBXFileReference section */
		11CA3643D1C9DA4C3928FE2C /* Pods_ZipcodeHackathon.framework */ = {isa = PBXFileReference; explicitFileType = wrapper.framework; includeInIndex = 0; path = Pods_ZipcodeHackathon.framework; sourceTree = BUILT_PRODUCTS_DIR; };
		606755F968FECCE3945DE92F /* Pods-ZipcodeHackathon.debug.xcconfig */ = {isa = PBXFileReference; includeInIndex = 1; lastKnownFileType = text.xcconfig; name = "Pods-ZipcodeHackathon.debug.xcconfig"; path = "Pods/Target Support Files/Pods-ZipcodeHackathon/Pods-ZipcodeHackathon.debug.xcconfig"; sourceTree = "<group>"; };
		6DDF4DEA8C2104F400FF6E6A /* Pods-ZipcodeHackathon.release.xcconfig */ = {isa = PBXFileReference; includeInIndex = 1; lastKnownFileType = text.xcconfig; name = "Pods-ZipcodeHackathon.release.xcconfig"; path = "Pods/Target Support Files/Pods-ZipcodeHackathon/Pods-ZipcodeHackathon.release.xcconfig"; sourceTree = "<group>"; };
		C27A65BD1BEE75C000F37CFD /* PersonalizeViewController.swift */ = {isa = PBXFileReference; fileEncoding = 4; lastKnownFileType = sourcecode.swift; path = PersonalizeViewController.swift; sourceTree = "<group>"; };
		C28B51921BEE6C2100522875 /* ZipcodeHackathon.app */ = {isa = PBXFileReference; explicitFileType = wrapper.application; includeInIndex = 0; path = ZipcodeHackathon.app; sourceTree = BUILT_PRODUCTS_DIR; };
		C28B51951BEE6C2100522875 /* AppDelegate.swift */ = {isa = PBXFileReference; lastKnownFileType = sourcecode.swift; path = AppDelegate.swift; sourceTree = "<group>"; };
		C28B51971BEE6C2100522875 /* ViewController.swift */ = {isa = PBXFileReference; lastKnownFileType = sourcecode.swift; path = ViewController.swift; sourceTree = "<group>"; };
		C28B519A1BEE6C2100522875 /* Base */ = {isa = PBXFileReference; lastKnownFileType = file.storyboard; name = Base; path = Base.lproj/Main.storyboard; sourceTree = "<group>"; };
		C28B519C1BEE6C2100522875 /* Assets.xcassets */ = {isa = PBXFileReference; lastKnownFileType = folder.assetcatalog; path = Assets.xcassets; sourceTree = "<group>"; };
		C28B519F1BEE6C2100522875 /* Base */ = {isa = PBXFileReference; lastKnownFileType = file.storyboard; name = Base; path = Base.lproj/LaunchScreen.storyboard; sourceTree = "<group>"; };
		C28B51A11BEE6C2100522875 /* Info.plist */ = {isa = PBXFileReference; lastKnownFileType = text.plist.xml; path = Info.plist; sourceTree = "<group>"; };
		C28B51A61BEE6C2100522875 /* ZipcodeHackathonTests.xctest */ = {isa = PBXFileReference; explicitFileType = wrapper.cfbundle; includeInIndex = 0; path = ZipcodeHackathonTests.xctest; sourceTree = BUILT_PRODUCTS_DIR; };
		C28B51AA1BEE6C2100522875 /* ZipcodeHackathonTests.swift */ = {isa = PBXFileReference; lastKnownFileType = sourcecode.swift; path = ZipcodeHackathonTests.swift; sourceTree = "<group>"; };
		C28B51AC1BEE6C2100522875 /* Info.plist */ = {isa = PBXFileReference; lastKnownFileType = text.plist.xml; path = Info.plist; sourceTree = "<group>"; };
		C28B51B11BEE6C2100522875 /* ZipcodeHackathonUITests.xctest */ = {isa = PBXFileReference; explicitFileType = wrapper.cfbundle; includeInIndex = 0; path = ZipcodeHackathonUITests.xctest; sourceTree = BUILT_PRODUCTS_DIR; };
		C28B51B51BEE6C2200522875 /* ZipcodeHackathonUITests.swift */ = {isa = PBXFileReference; lastKnownFileType = sourcecode.swift; path = ZipcodeHackathonUITests.swift; sourceTree = "<group>"; };
		C28B51B71BEE6C2200522875 /* Info.plist */ = {isa = PBXFileReference; lastKnownFileType = text.plist.xml; path = Info.plist; sourceTree = "<group>"; };
		C28B51C31BEE6D5E00522875 /* ListingsTableViewCell.swift */ = {isa = PBXFileReference; fileEncoding = 4; lastKnownFileType = sourcecode.swift; path = ListingsTableViewCell.swift; sourceTree = "<group>"; };
		C28B51C51BEE6D7700522875 /* ListingsViewController.swift */ = {isa = PBXFileReference; fileEncoding = 4; lastKnownFileType = sourcecode.swift; path = ListingsViewController.swift; sourceTree = "<group>"; };
		C28B51C71BEE6F5C00522875 /* Baker-Haigh-Nimocks-House-Heritage-Square-Fayetteville-NC.JPG */ = {isa = PBXFileReference; lastKnownFileType = image.jpeg; path = "Baker-Haigh-Nimocks-House-Heritage-Square-Fayetteville-NC.JPG"; sourceTree = "<group>"; };
		C2975F881BEE8CB200590646 /* DetailListingViewController.swift */ = {isa = PBXFileReference; fileEncoding = 4; lastKnownFileType = sourcecode.swift; path = DetailListingViewController.swift; sourceTree = "<group>"; };
		C2975F8A1BEE93D700590646 /* EstimoteSDK.framework */ = {isa = PBXFileReference; lastKnownFileType = wrapper.framework; path = EstimoteSDK.framework; sourceTree = "<group>"; };
		C2975F8C1BEE93EE00590646 /* ZipcodeHackathon-Bridging-Header.h */ = {isa = PBXFileReference; lastKnownFileType = sourcecode.c.h; path = "ZipcodeHackathon-Bridging-Header.h"; sourceTree = "<group>"; };
		C2975F931BEE9C9100590646 /* BeaconTestViewController.swift */ = {isa = PBXFileReference; fileEncoding = 4; lastKnownFileType = sourcecode.swift; path = BeaconTestViewController.swift; sourceTree = "<group>"; };
		C2975F951BEEA33700590646 /* overlay.png */ = {isa = PBXFileReference; lastKnownFileType = image.png; path = overlay.png; sourceTree = "<group>"; };
		C2975F971BEEAA2C00590646 /* profile_round-7.png */ = {isa = PBXFileReference; lastKnownFileType = image.png; path = "profile_round-7.png"; sourceTree = "<group>"; };
/* End PBXFileReference section */

/* Begin PBXFrameworksBuildPhase section */
		C28B518F1BEE6C2100522875 /* Frameworks */ = {
			isa = PBXFrameworksBuildPhase;
			buildActionMask = 2147483647;
			files = (
				C2975F8B1BEE93D700590646 /* EstimoteSDK.framework in Frameworks */,
				FF1903A6D0934E0D59EBAE83 /* Pods_ZipcodeHackathon.framework in Frameworks */,
			);
			runOnlyForDeploymentPostprocessing = 0;
		};
		C28B51A31BEE6C2100522875 /* Frameworks */ = {
			isa = PBXFrameworksBuildPhase;
			buildActionMask = 2147483647;
			files = (
			);
			runOnlyForDeploymentPostprocessing = 0;
		};
		C28B51AE1BEE6C2100522875 /* Frameworks */ = {
			isa = PBXFrameworksBuildPhase;
			buildActionMask = 2147483647;
			files = (
			);
			runOnlyForDeploymentPostprocessing = 0;
		};
/* End PBXFrameworksBuildPhase section */

/* Begin PBXGroup section */
		8ECFB9D44A7908DFEE08CFB3 /* Pods */ = {
			isa = PBXGroup;
			children = (
				606755F968FECCE3945DE92F /* Pods-ZipcodeHackathon.debug.xcconfig */,
				6DDF4DEA8C2104F400FF6E6A /* Pods-ZipcodeHackathon.release.xcconfig */,
			);
			name = Pods;
			sourceTree = "<group>";
		};
		9E23C6E6F15BDF9EA44E38BC /* Frameworks */ = {
			isa = PBXGroup;
			children = (
				11CA3643D1C9DA4C3928FE2C /* Pods_ZipcodeHackathon.framework */,
			);
			name = Frameworks;
			sourceTree = "<group>";
		};
		C28B51891BEE6C2100522875 = {
			isa = PBXGroup;
			children = (
				C2975F8A1BEE93D700590646 /* EstimoteSDK.framework */,
				C28B51941BEE6C2100522875 /* ZipcodeHackathon */,
				C28B51A91BEE6C2100522875 /* ZipcodeHackathonTests */,
				C28B51B41BEE6C2200522875 /* ZipcodeHackathonUITests */,
				C28B51931BEE6C2100522875 /* Products */,
				C2975F8C1BEE93EE00590646 /* ZipcodeHackathon-Bridging-Header.h */,
				8ECFB9D44A7908DFEE08CFB3 /* Pods */,
				9E23C6E6F15BDF9EA44E38BC /* Frameworks */,
			);
			sourceTree = "<group>";
		};
		C28B51931BEE6C2100522875 /* Products */ = {
			isa = PBXGroup;
			children = (
				C28B51921BEE6C2100522875 /* ZipcodeHackathon.app */,
				C28B51A61BEE6C2100522875 /* ZipcodeHackathonTests.xctest */,
				C28B51B11BEE6C2100522875 /* ZipcodeHackathonUITests.xctest */,
			);
			name = Products;
			sourceTree = "<group>";
		};
		C28B51941BEE6C2100522875 /* ZipcodeHackathon */ = {
			isa = PBXGroup;
			children = (
				C2975F971BEEAA2C00590646 /* profile_round-7.png */,
				C2975F951BEEA33700590646 /* overlay.png */,
				C28B51C71BEE6F5C00522875 /* Baker-Haigh-Nimocks-House-Heritage-Square-Fayetteville-NC.JPG */,
				C28B51951BEE6C2100522875 /* AppDelegate.swift */,
				C28B51971BEE6C2100522875 /* ViewController.swift */,
				C28B51991BEE6C2100522875 /* Main.storyboard */,
				C2975F931BEE9C9100590646 /* BeaconTestViewController.swift */,
				C2975F881BEE8CB200590646 /* DetailListingViewController.swift */,
				C27A65BD1BEE75C000F37CFD /* PersonalizeViewController.swift */,
				C28B51C51BEE6D7700522875 /* ListingsViewController.swift */,
				C28B51C31BEE6D5E00522875 /* ListingsTableViewCell.swift */,
				C28B519C1BEE6C2100522875 /* Assets.xcassets */,
				C28B519E1BEE6C2100522875 /* LaunchScreen.storyboard */,
				C28B51A11BEE6C2100522875 /* Info.plist */,
			);
			path = ZipcodeHackathon;
			sourceTree = "<group>";
		};
		C28B51A91BEE6C2100522875 /* ZipcodeHackathonTests */ = {
			isa = PBXGroup;
			children = (
				C28B51AA1BEE6C2100522875 /* ZipcodeHackathonTests.swift */,
				C28B51AC1BEE6C2100522875 /* Info.plist */,
			);
			path = ZipcodeHackathonTests;
			sourceTree = "<group>";
		};
		C28B51B41BEE6C2200522875 /* ZipcodeHackathonUITests */ = {
			isa = PBXGroup;
			children = (
				C28B51B51BEE6C2200522875 /* ZipcodeHackathonUITests.swift */,
				C28B51B71BEE6C2200522875 /* Info.plist */,
			);
			path = ZipcodeHackathonUITests;
			sourceTree = "<group>";
		};
/* End PBXGroup section */

/* Begin PBXNativeTarget section */
		C28B51911BEE6C2100522875 /* ZipcodeHackathon */ = {
			isa = PBXNativeTarget;
			buildConfigurationList = C28B51BA1BEE6C2200522875 /* Build configuration list for PBXNativeTarget "ZipcodeHackathon" */;
			buildPhases = (
				8E953A6BAB2012222229D7C1 /* Check Pods Manifest.lock */,
				C28B518E1BEE6C2100522875 /* Sources */,
				C28B518F1BEE6C2100522875 /* Frameworks */,
				C28B51901BEE6C2100522875 /* Resources */,
				486BC5B419D3B52C9184C0BA /* Embed Pods Frameworks */,
				27EE88CC2DFA005C1DF16810 /* Copy Pods Resources */,
			);
			buildRules = (
			);
			dependencies = (
			);
			name = ZipcodeHackathon;
			productName = ZipcodeHackathon;
			productReference = C28B51921BEE6C2100522875 /* ZipcodeHackathon.app */;
			productType = "com.apple.product-type.application";
		};
		C28B51A51BEE6C2100522875 /* ZipcodeHackathonTests */ = {
			isa = PBXNativeTarget;
			buildConfigurationList = C28B51BD1BEE6C2200522875 /* Build configuration list for PBXNativeTarget "ZipcodeHackathonTests" */;
			buildPhases = (
				C28B51A21BEE6C2100522875 /* Sources */,
				C28B51A31BEE6C2100522875 /* Frameworks */,
				C28B51A41BEE6C2100522875 /* Resources */,
			);
			buildRules = (
			);
			dependencies = (
				C28B51A81BEE6C2100522875 /* PBXTargetDependency */,
			);
			name = ZipcodeHackathonTests;
			productName = ZipcodeHackathonTests;
			productReference = C28B51A61BEE6C2100522875 /* ZipcodeHackathonTests.xctest */;
			productType = "com.apple.product-type.bundle.unit-test";
		};
		C28B51B01BEE6C2100522875 /* ZipcodeHackathonUITests */ = {
			isa = PBXNativeTarget;
			buildConfigurationList = C28B51C01BEE6C2200522875 /* Build configuration list for PBXNativeTarget "ZipcodeHackathonUITests" */;
			buildPhases = (
				C28B51AD1BEE6C2100522875 /* Sources */,
				C28B51AE1BEE6C2100522875 /* Frameworks */,
				C28B51AF1BEE6C2100522875 /* Resources */,
			);
			buildRules = (
			);
			dependencies = (
				C28B51B31BEE6C2100522875 /* PBXTargetDependency */,
			);
			name = ZipcodeHackathonUITests;
			productName = ZipcodeHackathonUITests;
			productReference = C28B51B11BEE6C2100522875 /* ZipcodeHackathonUITests.xctest */;
			productType = "com.apple.product-type.bundle.ui-testing";
		};
/* End PBXNativeTarget section */

/* Begin PBXProject section */
		C28B518A1BEE6C2100522875 /* Project object */ = {
			isa = PBXProject;
			attributes = {
				LastSwiftUpdateCheck = 0710;
				LastUpgradeCheck = 0710;
				ORGANIZATIONNAME = "Lucas Farah";
				TargetAttributes = {
					C28B51911BEE6C2100522875 = {
						CreatedOnToolsVersion = 7.1;
					};
					C28B51A51BEE6C2100522875 = {
						CreatedOnToolsVersion = 7.1;
						TestTargetID = C28B51911BEE6C2100522875;
					};
					C28B51B01BEE6C2100522875 = {
						CreatedOnToolsVersion = 7.1;
						TestTargetID = C28B51911BEE6C2100522875;
					};
				};
			};
			buildConfigurationList = C28B518D1BEE6C2100522875 /* Build configuration list for PBXProject "ZipcodeHackathon" */;
			compatibilityVersion = "Xcode 3.2";
			developmentRegion = English;
			hasScannedForEncodings = 0;
			knownRegions = (
				en,
				Base,
			);
			mainGroup = C28B51891BEE6C2100522875;
			productRefGroup = C28B51931BEE6C2100522875 /* Products */;
			projectDirPath = "";
			projectRoot = "";
			targets = (
				C28B51911BEE6C2100522875 /* ZipcodeHackathon */,
				C28B51A51BEE6C2100522875 /* ZipcodeHackathonTests */,
				C28B51B01BEE6C2100522875 /* ZipcodeHackathonUITests */,
			);
		};
/* End PBXProject section */

/* Begin PBXResourcesBuildPhase section */
		C28B51901BEE6C2100522875 /* Resources */ = {
			isa = PBXResourcesBuildPhase;
			buildActionMask = 2147483647;
			files = (
				C2975F961BEEA33700590646 /* overlay.png in Resources */,
				C28B51A01BEE6C2100522875 /* LaunchScreen.storyboard in Resources */,
				C28B519D1BEE6C2100522875 /* Assets.xcassets in Resources */,
				C28B51C81BEE6F5C00522875 /* Baker-Haigh-Nimocks-House-Heritage-Square-Fayetteville-NC.JPG in Resources */,
				C2975F981BEEAA2C00590646 /* profile_round-7.png in Resources */,
				C28B519B1BEE6C2100522875 /* Main.storyboard in Resources */,
			);
			runOnlyForDeploymentPostprocessing = 0;
		};
		C28B51A41BEE6C2100522875 /* Resources */ = {
			isa = PBXResourcesBuildPhase;
			buildActionMask = 2147483647;
			files = (
			);
			runOnlyForDeploymentPostprocessing = 0;
		};
		C28B51AF1BEE6C2100522875 /* Resources */ = {
			isa = PBXResourcesBuildPhase;
			buildActionMask = 2147483647;
			files = (
			);
			runOnlyForDeploymentPostprocessing = 0;
		};
/* End PBXResourcesBuildPhase section */

/* Begin PBXShellScriptBuildPhase section */
		27EE88CC2DFA005C1DF16810 /* Copy Pods Resources */ = {
			isa = PBXShellScriptBuildPhase;
			buildActionMask = 2147483647;
			files = (
			);
			inputPaths = (
			);
			name = "Copy Pods Resources";
			outputPaths = (
			);
			runOnlyForDeploymentPostprocessing = 0;
			shellPath = /bin/sh;
			shellScript = "\"${SRCROOT}/Pods/Target Support Files/Pods-ZipcodeHackathon/Pods-ZipcodeHackathon-resources.sh\"\n";
			showEnvVarsInLog = 0;
		};
		486BC5B419D3B52C9184C0BA /* Embed Pods Frameworks */ = {
			isa = PBXShellScriptBuildPhase;
			buildActionMask = 2147483647;
			files = (
			);
			inputPaths = (
			);
			name = "Embed Pods Frameworks";
			outputPaths = (
			);
			runOnlyForDeploymentPostprocessing = 0;
			shellPath = /bin/sh;
			shellScript = "\"${SRCROOT}/Pods/Target Support Files/Pods-ZipcodeHackathon/Pods-ZipcodeHackathon-frameworks.sh\"\n";
			showEnvVarsInLog = 0;
		};
		8E953A6BAB2012222229D7C1 /* Check Pods Manifest.lock */ = {
			isa = PBXShellScriptBuildPhase;
			buildActionMask = 2147483647;
			files = (
			);
			inputPaths = (
			);
			name = "Check Pods Manifest.lock";
			outputPaths = (
			);
			runOnlyForDeploymentPostprocessing = 0;
			shellPath = /bin/sh;
			shellScript = "diff \"${PODS_ROOT}/../Podfile.lock\" \"${PODS_ROOT}/Manifest.lock\" > /dev/null\nif [[ $? != 0 ]] ; then\n    cat << EOM\nerror: The sandbox is not in sync with the Podfile.lock. Run 'pod install' or update your CocoaPods installation.\nEOM\n    exit 1\nfi\n";
			showEnvVarsInLog = 0;
		};
/* End PBXShellScriptBuildPhase section */

/* Begin PBXSourcesBuildPhase section */
		C28B518E1BEE6C2100522875 /* Sources */ = {
			isa = PBXSourcesBuildPhase;
			buildActionMask = 2147483647;
			files = (
				C28B51981BEE6C2100522875 /* ViewController.swift in Sources */,
				C28B51961BEE6C2100522875 /* AppDelegate.swift in Sources */,
				C2975F941BEE9C9100590646 /* BeaconTestViewController.swift in Sources */,
				C2975F891BEE8CB200590646 /* DetailListingViewController.swift in Sources */,
				C28B51C41BEE6D5E00522875 /* ListingsTableViewCell.swift in Sources */,
				C28B51C61BEE6D7700522875 /* ListingsViewController.swift in Sources */,
				C27A65BE1BEE75C000F37CFD /* PersonalizeViewController.swift in Sources */,
			);
			runOnlyForDeploymentPostprocessing = 0;
		};
		C28B51A21BEE6C2100522875 /* Sources */ = {
			isa = PBXSourcesBuildPhase;
			buildActionMask = 2147483647;
			files = (
				C28B51AB1BEE6C2100522875 /* ZipcodeHackathonTests.swift in Sources */,
			);
			runOnlyForDeploymentPostprocessing = 0;
		};
		C28B51AD1BEE6C2100522875 /* Sources */ = {
			isa = PBXSourcesBuildPhase;
			buildActionMask = 2147483647;
			files = (
				C28B51B61BEE6C2200522875 /* ZipcodeHackathonUITests.swift in Sources */,
			);
			runOnlyForDeploymentPostprocessing = 0;
		};
/* End PBXSourcesBuildPhase section */

/* Begin PBXTargetDependency section */
		C28B51A81BEE6C2100522875 /* PBXTargetDependency */ = {
			isa = PBXTargetDependency;
			target = C28B51911BEE6C2100522875 /* ZipcodeHackathon */;
			targetProxy = C28B51A71BEE6C2100522875 /* PBXContainerItemProxy */;
		};
		C28B51B31BEE6C2100522875 /* PBXTargetDependency */ = {
			isa = PBXTargetDependency;
			target = C28B51911BEE6C2100522875 /* ZipcodeHackathon */;
			targetProxy = C28B51B21BEE6C2100522875 /* PBXContainerItemProxy */;
		};
/* End PBXTargetDependency section */

/* Begin PBXVariantGroup section */
		C28B51991BEE6C2100522875 /* Main.storyboard */ = {
			isa = PBXVariantGroup;
			children = (
				C28B519A1BEE6C2100522875 /* Base */,
			);
			name = Main.storyboard;
			sourceTree = "<group>";
		};
		C28B519E1BEE6C2100522875 /* LaunchScreen.storyboard */ = {
			isa = PBXVariantGroup;
			children = (
				C28B519F1BEE6C2100522875 /* Base */,
			);
			name = LaunchScreen.storyboard;
			sourceTree = "<group>";
		};
/* End PBXVariantGroup section */

/* Begin XCBuildConfiguration section */
		C28B51B81BEE6C2200522875 /* Debug */ = {
			isa = XCBuildConfiguration;
			buildSettings = {
				ALWAYS_SEARCH_USER_PATHS = NO;
				CLANG_CXX_LANGUAGE_STANDARD = "gnu++0x";
				CLANG_CXX_LIBRARY = "libc++";
				CLANG_ENABLE_MODULES = YES;
				CLANG_ENABLE_OBJC_ARC = YES;
				CLANG_WARN_BOOL_CONVERSION = YES;
				CLANG_WARN_CONSTANT_CONVERSION = YES;
				CLANG_WARN_DIRECT_OBJC_ISA_USAGE = YES_ERROR;
				CLANG_WARN_EMPTY_BODY = YES;
				CLANG_WARN_ENUM_CONVERSION = YES;
				CLANG_WARN_INT_CONVERSION = YES;
				CLANG_WARN_OBJC_ROOT_CLASS = YES_ERROR;
				CLANG_WARN_UNREACHABLE_CODE = YES;
				CLANG_WARN__DUPLICATE_METHOD_MATCH = YES;
				"CODE_SIGN_IDENTITY[sdk=iphoneos*]" = "iPhone Developer";
				COPY_PHASE_STRIP = NO;
				DEBUG_INFORMATION_FORMAT = dwarf;
				ENABLE_STRICT_OBJC_MSGSEND = YES;
				ENABLE_TESTABILITY = YES;
				GCC_C_LANGUAGE_STANDARD = gnu99;
				GCC_DYNAMIC_NO_PIC = NO;
				GCC_NO_COMMON_BLOCKS = YES;
				GCC_OPTIMIZATION_LEVEL = 0;
				GCC_PREPROCESSOR_DEFINITIONS = (
					"DEBUG=1",
					"$(inherited)",
				);
				GCC_WARN_64_TO_32_BIT_CONVERSION = YES;
				GCC_WARN_ABOUT_RETURN_TYPE = YES_ERROR;
				GCC_WARN_UNDECLARED_SELECTOR = YES;
				GCC_WARN_UNINITIALIZED_AUTOS = YES_AGGRESSIVE;
				GCC_WARN_UNUSED_FUNCTION = YES;
				GCC_WARN_UNUSED_VARIABLE = YES;
				IPHONEOS_DEPLOYMENT_TARGET = 9.1;
				MTL_ENABLE_DEBUG_INFO = YES;
				ONLY_ACTIVE_ARCH = YES;
				SDKROOT = iphoneos;
				SWIFT_OPTIMIZATION_LEVEL = "-Onone";
			};
			name = Debug;
		};
		C28B51B91BEE6C2200522875 /* Release */ = {
			isa = XCBuildConfiguration;
			buildSettings = {
				ALWAYS_SEARCH_USER_PATHS = NO;
				CLANG_CXX_LANGUAGE_STANDARD = "gnu++0x";
				CLANG_CXX_LIBRARY = "libc++";
				CLANG_ENABLE_MODULES = YES;
				CLANG_ENABLE_OBJC_ARC = YES;
				CLANG_WARN_BOOL_CONVERSION = YES;
				CLANG_WARN_CONSTANT_CONVERSION = YES;
				CLANG_WARN_DIRECT_OBJC_ISA_USAGE = YES_ERROR;
				CLANG_WARN_EMPTY_BODY = YES;
				CLANG_WARN_ENUM_CONVERSION = YES;
				CLANG_WARN_INT_CONVERSION = YES;
				CLANG_WARN_OBJC_ROOT_CLASS = YES_ERROR;
				CLANG_WARN_UNREACHABLE_CODE = YES;
				CLANG_WARN__DUPLICATE_METHOD_MATCH = YES;
				"CODE_SIGN_IDENTITY[sdk=iphoneos*]" = "iPhone Developer";
				COPY_PHASE_STRIP = NO;
				DEBUG_INFORMATION_FORMAT = "dwarf-with-dsym";
				ENABLE_NS_ASSERTIONS = NO;
				ENABLE_STRICT_OBJC_MSGSEND = YES;
				GCC_C_LANGUAGE_STANDARD = gnu99;
				GCC_NO_COMMON_BLOCKS = YES;
				GCC_WARN_64_TO_32_BIT_CONVERSION = YES;
				GCC_WARN_ABOUT_RETURN_TYPE = YES_ERROR;
				GCC_WARN_UNDECLARED_SELECTOR = YES;
				GCC_WARN_UNINITIALIZED_AUTOS = YES_AGGRESSIVE;
				GCC_WARN_UNUSED_FUNCTION = YES;
				GCC_WARN_UNUSED_VARIABLE = YES;
				IPHONEOS_DEPLOYMENT_TARGET = 9.1;
				MTL_ENABLE_DEBUG_INFO = NO;
				SDKROOT = iphoneos;
				VALIDATE_PRODUCT = YES;
			};
			name = Release;
		};
		C28B51BB1BEE6C2200522875 /* Debug */ = {
			isa = XCBuildConfiguration;
			baseConfigurationReference = 606755F968FECCE3945DE92F /* Pods-ZipcodeHackathon.debug.xcconfig */;
			buildSettings = {
				ASSETCATALOG_COMPILER_APPICON_NAME = AppIcon;
				CLANG_ENABLE_MODULES = YES;
				FRAMEWORK_SEARCH_PATHS = (
					"$(inherited)",
					"$(PROJECT_DIR)",
				);
				INFOPLIST_FILE = ZipcodeHackathon/Info.plist;
				LD_RUNPATH_SEARCH_PATHS = "$(inherited) @executable_path/Frameworks";
				PRODUCT_BUNDLE_IDENTIFIER = farah.lucas.ZipcodeHackathon;
				PRODUCT_NAME = "$(TARGET_NAME)";
				SWIFT_OBJC_BRIDGING_HEADER = "ZipcodeHackathon-Bridging-Header.h";
				SWIFT_OPTIMIZATION_LEVEL = "-Onone";
			};
			name = Debug;
		};
		C28B51BC1BEE6C2200522875 /* Release */ = {
			isa = XCBuildConfiguration;
			baseConfigurationReference = 6DDF4DEA8C2104F400FF6E6A /* Pods-ZipcodeHackathon.release.xcconfig */;
			buildSettings = {
				ASSETCATALOG_COMPILER_APPICON_NAME = AppIcon;
				CLANG_ENABLE_MODULES = YES;
				FRAMEWORK_SEARCH_PATHS = (
					"$(inherited)",
					"$(PROJECT_DIR)",
				);
				INFOPLIST_FILE = ZipcodeHackathon/Info.plist;
				LD_RUNPATH_SEARCH_PATHS = "$(inherited) @executable_path/Frameworks";
				PRODUCT_BUNDLE_IDENTIFIER = farah.lucas.ZipcodeHackathon;
				PRODUCT_NAME = "$(TARGET_NAME)";
				SWIFT_OBJC_BRIDGING_HEADER = "ZipcodeHackathon-Bridging-Header.h";
			};
			name = Release;
		};
		C28B51BE1BEE6C2200522875 /* Debug */ = {
			isa = XCBuildConfiguration;
			buildSettings = {
				BUNDLE_LOADER = "$(TEST_HOST)";
				INFOPLIST_FILE = ZipcodeHackathonTests/Info.plist;
				LD_RUNPATH_SEARCH_PATHS = "$(inherited) @executable_path/Frameworks @loader_path/Frameworks";
				PRODUCT_BUNDLE_IDENTIFIER = farah.lucas.ZipcodeHackathonTests;
				PRODUCT_NAME = "$(TARGET_NAME)";
				TEST_HOST = "$(BUILT_PRODUCTS_DIR)/ZipcodeHackathon.app/ZipcodeHackathon";
			};
			name = Debug;
		};
		C28B51BF1BEE6C2200522875 /* Release */ = {
			isa = XCBuildConfiguration;
			buildSettings = {
				BUNDLE_LOADER = "$(TEST_HOST)";
				INFOPLIST_FILE = ZipcodeHackathonTests/Info.plist;
				LD_RUNPATH_SEARCH_PATHS = "$(inherited) @executable_path/Frameworks @loader_path/Frameworks";
				PRODUCT_BUNDLE_IDENTIFIER = farah.lucas.ZipcodeHackathonTests;
				PRODUCT_NAME = "$(TARGET_NAME)";
				TEST_HOST = "$(BUILT_PRODUCTS_DIR)/ZipcodeHackathon.app/ZipcodeHackathon";
			};
			name = Release;
		};
		C28B51C11BEE6C2200522875 /* Debug */ = {
			isa = XCBuildConfiguration;
			buildSettings = {
				INFOPLIST_FILE = ZipcodeHackathonUITests/Info.plist;
				LD_RUNPATH_SEARCH_PATHS = "$(inherited) @executable_path/Frameworks @loader_path/Frameworks";
				PRODUCT_BUNDLE_IDENTIFIER = farah.lucas.ZipcodeHackathonUITests;
				PRODUCT_NAME = "$(TARGET_NAME)";
				TEST_TARGET_NAME = ZipcodeHackathon;
				USES_XCTRUNNER = YES;
			};
			name = Debug;
		};
		C28B51C21BEE6C2200522875 /* Release */ = {
			isa = XCBuildConfiguration;
			buildSettings = {
				INFOPLIST_FILE = ZipcodeHackathonUITests/Info.plist;
				LD_RUNPATH_SEARCH_PATHS = "$(inherited) @executable_path/Frameworks @loader_path/Frameworks";
				PRODUCT_BUNDLE_IDENTIFIER = farah.lucas.ZipcodeHackathonUITests;
				PRODUCT_NAME = "$(TARGET_NAME)";
				TEST_TARGET_NAME = ZipcodeHackathon;
				USES_XCTRUNNER = YES;
			};
			name = Release;
		};
/* End XCBuildConfiguration section */

/* Begin XCConfigurationList section */
		C28B518D1BEE6C2100522875 /* Build configuration list for PBXProject "ZipcodeHackathon" */ = {
			isa = XCConfigurationList;
			buildConfigurations = (
				C28B51B81BEE6C2200522875 /* Debug */,
				C28B51B91BEE6C2200522875 /* Release */,
			);
			defaultConfigurationIsVisible = 0;
			defaultConfigurationName = Release;
		};
		C28B51BA1BEE6C2200522875 /* Build configuration list for PBXNativeTarget "ZipcodeHackathon" */ = {
			isa = XCConfigurationList;
			buildConfigurations = (
				C28B51BB1BEE6C2200522875 /* Debug */,
				C28B51BC1BEE6C2200522875 /* Release */,
			);
			defaultConfigurationIsVisible = 0;
			defaultConfigurationName = Release;
		};
		C28B51BD1BEE6C2200522875 /* Build configuration list for PBXNativeTarget "ZipcodeHackathonTests" */ = {
			isa = XCConfigurationList;
			buildConfigurations = (
				C28B51BE1BEE6C2200522875 /* Debug */,
				C28B51BF1BEE6C2200522875 /* Release */,
			);
			defaultConfigurationIsVisible = 0;
			defaultConfigurationName = Release;
		};
		C28B51C01BEE6C2200522875 /* Build configuration list for PBXNativeTarget "ZipcodeHackathonUITests" */ = {
			isa = XCConfigurationList;
			buildConfigurations = (
				C28B51C11BEE6C2200522875 /* Debug */,
				C28B51C21BEE6C2200522875 /* Release */,
			);
			defaultConfigurationIsVisible = 0;
			defaultConfigurationName = Release;
		};
/* End XCConfigurationList section */
	};
	rootObject = C28B518A1BEE6C2100522875 /* Project object */;
}
